
Microsoft Visual Studio Solution File, Format Version 12.00
# Visual Studio Version 17
VisualStudioVersion = 17.5.33424.131
MinimumVisualStudioVersion = 10.0.40219.1
Project("{FAE04EC0-301F-11D3-BF4B-00C04F79EFBC}") = "ApiPasswordSeguras", "ApiPasswordSeguras.csproj", "{A741D8C3-A3FB-449E-8CA1-69BB2E84686D}"
EndProject
Global
	GlobalSection(SolutionConfigurationPlatforms) = preSolution
		Debug|Any CPU = Debug|Any CPU
		Release|Any CPU = Release|Any CPU
	EndGlobalSection
	GlobalSection(ProjectConfigurationPlatforms) = postSolution
		{A741D8C3-A3FB-449E-8CA1-69BB2E84686D}.Debug|Any CPU.ActiveCfg = Debug|Any CPU
		{A741D8C3-A3FB-449E-8CA1-69BB2E84686D}.Debug|Any CPU.Build.0 = Debug|Any CPU
		{A741D8C3-A3FB-449E-8CA1-69BB2E84686D}.Release|Any CPU.ActiveCfg = Release|Any CPU
		{A741D8C3-A3FB-449E-8CA1-69BB2E84686D}.Release|Any CPU.Build.0 = Release|Any CPU
	EndGlobalSection
	GlobalSection(SolutionProperties) = preSolution
		HideSolutionNode = FALSE
	EndGlobalSection
	GlobalSection(ExtensibilityGlobals) = postSolution
		SolutionGuid = {4E3CC237-2DC3-4585-85B4-AAD9C15F9FEC}
	EndGlobalSection
EndGlobal
